<Solution>
  <Folder Name="/src/">
    <Project Path="src/NexaGrid.Agent/NexaGrid.Agent.csproj" />
    <Project Path="src/NexaGrid.Controller/NexaGrid.Controller.csproj" />
    <Project Path="src/NexaGrid.Core/NexaGrid.Core.csproj" />
    <Project Path="src/NexaGrid.Infrastructure/NexaGrid.Infrastructure.csproj" />
    <Project Path="src/NexaGrid.Shared/NexaGrid.Shared.csproj" />
    <Project Path="src/NexaGrid.Simulator/NexaGrid.Simulator.csproj" />
  </Folder>
  <Folder Name="/tests/">
    <Project Path="tests/NexaGrid.EndToEndTests/NexaGrid.EndToEndTests.csproj" />
    <Project Path="tests/NexaGrid.IntegrationTests/NexaGrid.IntegrationTests.csproj" />
    <Project Path="tests/NexaGrid.SecurityTests/NexaGrid.SecurityTests.csproj" />
    <Project Path="tests/NexaGrid.UnitTests/NexaGrid.UnitTests.csproj" />
  </Folder>
</Solution>
